
Microsoft Visual Studio Solution File, Format Version 12.00
# Visual Studio 2012
Project("{FAE04EC0-301F-11D3-BF4B-00C04F79EFBC}") = "BotAgent", "BotAgent\BotAgent.csproj", "{06DA79EB-A43A-497B-A83E-48B7DC8129AF}"
EndProject
Global
	GlobalSection(SolutionConfigurationPlatforms) = preSolution
		Debug|Any CPU = Debug|Any CPU
		Release|Any CPU = Release|Any CPU
	EndGlobalSection
	GlobalSection(ProjectConfigurationPlatforms) = postSolution
		{06DA79EB-A43A-497B-A83E-48B7DC8129AF}.Debug|Any CPU.ActiveCfg = Debug|Any CPU
		{06DA79EB-A43A-497B-A83E-48B7DC8129AF}.Debug|Any CPU.Build.0 = Debug|Any CPU
		{06DA79EB-A43A-497B-A83E-48B7DC8129AF}.Release|Any CPU.ActiveCfg = Release|Any CPU
		{06DA79EB-A43A-497B-A83E-48B7DC8129AF}.Release|Any CPU.Build.0 = Release|Any CPU
	EndGlobalSection
	GlobalSection(SolutionProperties) = preSolution
		HideSolutionNode = FALSE
	EndGlobalSection
EndGlobal
